
Microsoft Visual Studio Solution File, Format Version 12.00
# Visual Studio Version 17
VisualStudioVersion = 17.14.36915.13 d17.14
MinimumVisualStudioVersion = 10.0.40219.1
Project("{FAE04EC0-301F-11D3-BF4B-00C04F79EFBC}") = "IC-o51_Skirko_Ann_08_02_2026", "IC-o51_Skirko_Ann_08_02_2026\IC-o51_Skirko_Ann_08_02_2026.csproj", "{E546885E-B3E6-4B9F-B397-8DCA0C0CC38D}"
EndProject
Global
	GlobalSection(SolutionConfigurationPlatforms) = preSolution
		Debug|Any CPU = Debug|Any CPU
		Release|Any CPU = Release|Any CPU
	EndGlobalSection
	GlobalSection(ProjectConfigurationPlatforms) = postSolution
		{E546885E-B3E6-4B9F-B397-8DCA0C0CC38D}.Debug|Any CPU.ActiveCfg = Debug|Any CPU
		{E546885E-B3E6-4B9F-B397-8DCA0C0CC38D}.Debug|Any CPU.Build.0 = Debug|Any CPU
		{E546885E-B3E6-4B9F-B397-8DCA0C0CC38D}.Release|Any CPU.ActiveCfg = Release|Any CPU
		{E546885E-B3E6-4B9F-B397-8DCA0C0CC38D}.Release|Any CPU.Build.0 = Release|Any CPU
	EndGlobalSection
	GlobalSection(SolutionProperties) = preSolution
		HideSolutionNode = FALSE
	EndGlobalSection
	GlobalSection(ExtensibilityGlobals) = postSolution
		SolutionGuid = {A23366B4-5AD2-4B1B-9341-FD4B1E4E188F}
	EndGlobalSection
EndGlobal
